
Microsoft Visual Studio Solution File, Format Version 12.00
# Visual Studio Version 16
VisualStudioVersion = 16.0.29215.179
MinimumVisualStudioVersion = 10.0.40219.1
Project("{FAE04EC0-301F-11D3-BF4B-00C04F79EFBC}") = "Sorterings Inlämnings Uppgift", "Sorterings Inlämnings Uppgift.csproj", "{7B916B92-1CA9-4AE1-BD54-BB2E45FF9884}"
EndProject
Global
	GlobalSection(SolutionConfigurationPlatforms) = preSolution
		Debug|Any CPU = Debug|Any CPU
		Release|Any CPU = Release|Any CPU
	EndGlobalSection
	GlobalSection(ProjectConfigurationPlatforms) = postSolution
		{7B916B92-1CA9-4AE1-BD54-BB2E45FF9884}.Debug|Any CPU.ActiveCfg = Debug|Any CPU
		{7B916B92-1CA9-4AE1-BD54-BB2E45FF9884}.Debug|Any CPU.Build.0 = Debug|Any CPU
		{7B916B92-1CA9-4AE1-BD54-BB2E45FF9884}.Release|Any CPU.ActiveCfg = Release|Any CPU
		{7B916B92-1CA9-4AE1-BD54-BB2E45FF9884}.Release|Any CPU.Build.0 = Release|Any CPU
	EndGlobalSection
	GlobalSection(SolutionProperties) = preSolution
		HideSolutionNode = FALSE
	EndGlobalSection
	GlobalSection(ExtensibilityGlobals) = postSolution
		SolutionGuid = {3F79EE9B-9CA2-4FE4-9206-B5F4D218F468}
	EndGlobalSection
EndGlobal
